// !$*UTF8*$!
{
	archiveVersion = 1;
	classes = {
	};
	objectVersion = 56;
	objects = {

/* Begin PBXBuildFile section */
		9C3CF47C2B1CD9840082B646 /* AppDelegate.swift in Sources */ = {isa = PBXBuildFile; fileRef = 9C3CF47B2B1CD9840082B646 /* AppDelegate.swift */; };
		9C3CF4852B1CD9850082B646 /* Assets.xcassets in Resources */ = {isa = PBXBuildFile; fileRef = 9C3CF4842B1CD9850082B646 /* Assets.xcassets */; };
		9C3CF4882B1CD9850082B646 /* LaunchScreen.storyboard in Resources */ = {isa = PBXBuildFile; fileRef = 9C3CF4862B1CD9850082B646 /* LaunchScreen.storyboard */; };
		9C3CF4932B1CD9850082B646 /* JSearchTests.swift in Sources */ = {isa = PBXBuildFile; fileRef = 9C3CF4922B1CD9850082B646 /* JSearchTests.swift */; };
		9C4F61AF2B1CF3F400B695A7 /* Foundation in Frameworks */ = {isa = PBXBuildFile; productRef = 9C4F61AE2B1CF3F400B695A7 /* Foundation */; };
		9CA08A962B1CE79900469766 /* Repository in Frameworks */ = {isa = PBXBuildFile; productRef = 9CA08A952B1CE79900469766 /* Repository */; };
		9CA08A982B1CE79900469766 /* UI in Frameworks */ = {isa = PBXBuildFile; productRef = 9CA08A972B1CE79900469766 /* UI */; };
/* End PBXBuildFile section */

/* Begin PBXContainerItemProxy section */
		9C3CF48F2B1CD9850082B646 /* PBXContainerItemProxy */ = {
			isa = PBXContainerItemProxy;
			containerPortal = 9C3CF4702B1CD9840082B646 /* Project object */;
			proxyType = 1;
			remoteGlobalIDString = 9C3CF4772B1CD9840082B646;
			remoteInfo = JSearch;
		};
		9C3CF4992B1CD9850082B646 /* PBXContainerItemProxy */ = {
			isa = PBXContainerItemProxy;
			containerPortal = 9C3CF4702B1CD9840082B646 /* Project object */;
			proxyType = 1;
			remoteGlobalIDString = 9C3CF4772B1CD9840082B646;
			remoteInfo = JSearch;
		};
/* End PBXContainerItemProxy section */

/* Begin PBXFileReference section */
		9C3CF4782B1CD9840082B646 /* JSearch.app */ = {isa = PBXFileReference; explicitFileType = wrapper.application; includeInIndex = 0; path = JSearch.app; sourceTree = BUILT_PRODUCTS_DIR; };
		9C3CF47B2B1CD9840082B646 /* AppDelegate.swift */ = {isa = PBXFileReference; lastKnownFileType = sourcecode.swift; path = AppDelegate.swift; sourceTree = "<group>"; };
		9C3CF4842B1CD9850082B646 /* Assets.xcassets */ = {isa = PBXFileReference; lastKnownFileType = folder.assetcatalog; path = Assets.xcassets; sourceTree = "<group>"; };
		9C3CF4872B1CD9850082B646 /* Base */ = {isa = PBXFileReference; lastKnownFileType = file.storyboard; name = Base; path = Base.lproj/LaunchScreen.storyboard; sourceTree = "<group>"; };
		9C3CF4892B1CD9850082B646 /* Info.plist */ = {isa = PBXFileReference; lastKnownFileType = text.plist.xml; path = Info.plist; sourceTree = "<group>"; };
		9C3CF48E2B1CD9850082B646 /* JSearchTests.xctest */ = {isa = PBXFileReference; explicitFileType = wrapper.cfbundle; includeInIndex = 0; path = JSearchTests.xctest; sourceTree = BUILT_PRODUCTS_DIR; };
		9C3CF4922B1CD9850082B646 /* JSearchTests.swift */ = {isa = PBXFileReference; lastKnownFileType = sourcecode.swift; path = JSearchTests.swift; sourceTree = "<group>"; };
		9C3CF4982B1CD9850082B646 /* JSearchUITests.xctest */ = {isa = PBXFileReference; explicitFileType = wrapper.cfbundle; includeInIndex = 0; path = JSearchUITests.xctest; sourceTree = BUILT_PRODUCTS_DIR; };
/* End PBXFileReference section */

/* Begin PBXFrameworksBuildPhase section */
		9C3CF4752B1CD9840082B646 /* Frameworks */ = {
			isa = PBXFrameworksBuildPhase;
			buildActionMask = 2147483647;
			files = (
				9CA08A962B1CE79900469766 /* Repository in Frameworks */,
				9CA08A982B1CE79900469766 /* UI in Frameworks */,
				9C4F61AF2B1CF3F400B695A7 /* Foundation in Frameworks */,
			);
			runOnlyForDeploymentPostprocessing = 0;
		};
		9C3CF48B2B1CD9850082B646 /* Frameworks */ = {
			isa = PBXFrameworksBuildPhase;
			buildActionMask = 2147483647;
			files = (
			);
			runOnlyForDeploymentPostprocessing = 0;
		};
		9C3CF4952B1CD9850082B646 /* Frameworks */ = {
			isa = PBXFrameworksBuildPhase;
			buildActionMask = 2147483647;
			files = (
			);
			runOnlyForDeploymentPostprocessing = 0;
		};
/* End PBXFrameworksBuildPhase section */

/* Begin PBXGroup section */
		9C3CF46F2B1CD9840082B646 = {
			isa = PBXGroup;
			children = (
				9C3CF47A2B1CD9840082B646 /* JSearch */,
				9C3CF4912B1CD9850082B646 /* JSearchTests */,
				9C3CF4792B1CD9840082B646 /* Products */,
				9C5E82F22B1CDE9900176B38 /* Frameworks */,
			);
			sourceTree = "<group>";
		};
		9C3CF4792B1CD9840082B646 /* Products */ = {
			isa = PBXGroup;
			children = (
				9C3CF4782B1CD9840082B646 /* JSearch.app */,
				9C3CF48E2B1CD9850082B646 /* JSearchTests.xctest */,
				9C3CF4982B1CD9850082B646 /* JSearchUITests.xctest */,
			);
			name = Products;
			sourceTree = "<group>";
		};
		9C3CF47A2B1CD9840082B646 /* JSearch */ = {
			isa = PBXGroup;
			children = (
				9C3CF47B2B1CD9840082B646 /* AppDelegate.swift */,
				9C3CF4842B1CD9850082B646 /* Assets.xcassets */,
				9C3CF4862B1CD9850082B646 /* LaunchScreen.storyboard */,
				9C3CF4892B1CD9850082B646 /* Info.plist */,
			);
			path = JSearch;
			sourceTree = "<group>";
		};
		9C3CF4912B1CD9850082B646 /* JSearchTests */ = {
			isa = PBXGroup;
			children = (
				9C3CF4922B1CD9850082B646 /* JSearchTests.swift */,
			);
			path = JSearchTests;
			sourceTree = "<group>";
		};
		9C5E82F22B1CDE9900176B38 /* Frameworks */ = {
			isa = PBXGroup;
			children = (
			);
			name = Frameworks;
			sourceTree = "<group>";
		};
/* End PBXGroup section */

/* Begin PBXNativeTarget section */
		9C3CF4772B1CD9840082B646 /* JSearch */ = {
			isa = PBXNativeTarget;
			buildConfigurationList = 9C3CF4A22B1CD9850082B646 /* Build configuration list for PBXNativeTarget "JSearch" */;
			buildPhases = (
				9C3CF4742B1CD9840082B646 /* Sources */,
				9C3CF4752B1CD9840082B646 /* Frameworks */,
				9C3CF4762B1CD9840082B646 /* Resources */,
			);
			buildRules = (
			);
			dependencies = (
			);
			name = JSearch;
			packageProductDependencies = (
				9CA08A952B1CE79900469766 /* Repository */,
				9CA08A972B1CE79900469766 /* UI */,
				9C4F61AE2B1CF3F400B695A7 /* Foundation */,
			);
			productName = JSearch;
			productReference = 9C3CF4782B1CD9840082B646 /* JSearch.app */;
			productType = "com.apple.product-type.application";
		};
		9C3CF48D2B1CD9850082B646 /* JSearchTests */ = {
			isa = PBXNativeTarget;
			buildConfigurationList = 9C3CF4A52B1CD9850082B646 /* Build configuration list for PBXNativeTarget "JSearchTests" */;
			buildPhases = (
				9C3CF48A2B1CD9850082B646 /* Sources */,
				9C3CF48B2B1CD9850082B646 /* Frameworks */,
				9C3CF48C2B1CD9850082B646 /* Resources */,
			);
			buildRules = (
			);
			dependencies = (
				9C3CF4902B1CD9850082B646 /* PBXTargetDependency */,
			);
			name = JSearchTests;
			productName = JSearchTests;
			productReference = 9C3CF48E2B1CD9850082B646 /* JSearchTests.xctest */;
			productType = "com.apple.product-type.bundle.unit-test";
		};
		9C3CF4972B1CD9850082B646 /* JSearchUITests */ = {
			isa = PBXNativeTarget;
			buildConfigurationList = 9C3CF4A82B1CD9850082B646 /* Build configuration list for PBXNativeTarget "JSearchUITests" */;
			buildPhases = (
				9C3CF4942B1CD9850082B646 /* Sources */,
				9C3CF4952B1CD9850082B646 /* Frameworks */,
				9C3CF4962B1CD9850082B646 /* Resources */,
			);
			buildRules = (
			);
			dependencies = (
				9C3CF49A2B1CD9850082B646 /* PBXTargetDependency */,
			);
			name = JSearchUITests;
			productName = JSearchUITests;
			productReference = 9C3CF4982B1CD9850082B646 /* JSearchUITests.xctest */;
			productType = "com.apple.product-type.bundle.ui-testing";
		};
/* End PBXNativeTarget section */

/* Begin PBXProject section */
		9C3CF4702B1CD9840082B646 /* Project object */ = {
			isa = PBXProject;
			attributes = {
				BuildIndependentTargetsInParallel = 1;
				LastSwiftUpdateCheck = 1430;
				LastUpgradeCheck = 1430;
				TargetAttributes = {
					9C3CF4772B1CD9840082B646 = {
						CreatedOnToolsVersion = 14.3;
					};
					9C3CF48D2B1CD9850082B646 = {
						CreatedOnToolsVersion = 14.3;
						TestTargetID = 9C3CF4772B1CD9840082B646;
					};
					9C3CF4972B1CD9850082B646 = {
						CreatedOnToolsVersion = 14.3;
						TestTargetID = 9C3CF4772B1CD9840082B646;
					};
				};
			};
			buildConfigurationList = 9C3CF4732B1CD9840082B646 /* Build configuration list for PBXProject "JSearch" */;
			compatibilityVersion = "Xcode 14.0";
			developmentRegion = en;
			hasScannedForEncodings = 0;
			knownRegions = (
				en,
				Base,
			);
			mainGroup = 9C3CF46F2B1CD9840082B646;
			productRefGroup = 9C3CF4792B1CD9840082B646 /* Products */;
			projectDirPath = "";
			projectRoot = "";
			targets = (
				9C3CF4772B1CD9840082B646 /* JSearch */,
				9C3CF48D2B1CD9850082B646 /* JSearchTests */,
				9C3CF4972B1CD9850082B646 /* JSearchUITests */,
			);
		};
/* End PBXProject section */

/* Begin PBXResourcesBuildPhase section */
		9C3CF4762B1CD9840082B646 /* Resources */ = {
			isa = PBXResourcesBuildPhase;
			buildActionMask = 2147483647;
			files = (
				9C3CF4882B1CD9850082B646 /* LaunchScreen.storyboard in Resources */,
				9C3CF4852B1CD9850082B646 /* Assets.xcassets in Resources */,
			);
			runOnlyForDeploymentPostprocessing = 0;
		};
		9C3CF48C2B1CD9850082B646 /* Resources */ = {
			isa = PBXResourcesBuildPhase;
			buildActionMask = 2147483647;
			files = (
			);
			runOnlyForDeploymentPostprocessing = 0;
		};
		9C3CF4962B1CD9850082B646 /* Resources */ = {
			isa = PBXResourcesBuildPhase;
			buildActionMask = 2147483647;
			files = (
			);
			runOnlyForDeploymentPostprocessing = 0;
		};
/* End PBXResourcesBuildPhase section */

/* Begin PBXSourcesBuildPhase section */
		9C3CF4742B1CD9840082B646 /* Sources */ = {
			isa = PBXSourcesBuildPhase;
			buildActionMask = 2147483647;
			files = (
				9C3CF47C2B1CD9840082B646 /* AppDelegate.swift in Sources */,
			);
			runOnlyForDeploymentPostprocessing = 0;
		};
		9C3CF48A2B1CD9850082B646 /* Sources */ = {
			isa = PBXSourcesBuildPhase;
			buildActionMask = 2147483647;
			files = (
				9C3CF4932B1CD9850082B646 /* JSearchTests.swift in Sources */,
			);
			runOnlyForDeploymentPostprocessing = 0;
		};
		9C3CF4942B1CD9850082B646 /* Sources */ = {
			isa = PBXSourcesBuildPhase;
			buildActionMask = 2147483647;
			files = (
			);
			runOnlyForDeploymentPostprocessing = 0;
		};
/* End PBXSourcesBuildPhase section */

/* Begin PBXTargetDependency section */
		9C3CF4902B1CD9850082B646 /* PBXTargetDependency */ = {
			isa = PBXTargetDependency;
			target = 9C3CF4772B1CD9840082B646 /* JSearch */;
			targetProxy = 9C3CF48F2B1CD9850082B646 /* PBXContainerItemProxy */;
		};
		9C3CF49A2B1CD9850082B646 /* PBXTargetDependency */ = {
			isa = PBXTargetDependency;
			target = 9C3CF4772B1CD9840082B646 /* JSearch */;
			targetProxy = 9C3CF4992B1CD9850082B646 /* PBXContainerItemProxy */;
		};
/* End PBXTargetDependency section */

/* Begin PBXVariantGroup section */
		9C3CF4862B1CD9850082B646 /* LaunchScreen.storyboard */ = {
			isa = PBXVariantGroup;
			children = (
				9C3CF4872B1CD9850082B646 /* Base */,
			);
			name = LaunchScreen.storyboard;
			sourceTree = "<group>";
		};
/* End PBXVariantGroup section */

/* Begin XCBuildConfiguration section */
		9C3CF4A02B1CD9850082B646 /* Debug */ = {
			isa = XCBuildConfiguration;
			buildSettings = {
				ALWAYS_SEARCH_USER_PATHS = NO;
				CLANG_ANALYZER_NONNULL = YES;
				CLANG_ANALYZER_NUMBER_OBJECT_CONVERSION = YES_AGGRESSIVE;
				CLANG_CXX_LANGUAGE_STANDARD = "gnu++20";
				CLANG_ENABLE_MODULES = YES;
				CLANG_ENABLE_OBJC_ARC = YES;
				CLANG_ENABLE_OBJC_WEAK = YES;
				CLANG_WARN_BLOCK_CAPTURE_AUTORELEASING = YES;
				CLANG_WARN_BOOL_CONVERSION = YES;
				CLANG_WARN_COMMA = YES;
				CLANG_WARN_CONSTANT_CONVERSION = YES;
				CLANG_WARN_DEPRECATED_OBJC_IMPLEMENTATIONS = YES;
				CLANG_WARN_DIRECT_OBJC_ISA_USAGE = YES_ERROR;
				CLANG_WARN_DOCUMENTATION_COMMENTS = YES;
				CLANG_WARN_EMPTY_BODY = YES;
				CLANG_WARN_ENUM_CONVERSION = YES;
				CLANG_WARN_INFINITE_RECURSION = YES;
				CLANG_WARN_INT_CONVERSION = YES;
				CLANG_WARN_NON_LITERAL_NULL_CONVERSION = YES;
				CLANG_WARN_OBJC_IMPLICIT_RETAIN_SELF = YES;
				CLANG_WARN_OBJC_LITERAL_CONVERSION = YES;
				CLANG_WARN_OBJC_ROOT_CLASS = YES_ERROR;
				CLANG_WARN_QUOTED_INCLUDE_IN_FRAMEWORK_HEADER = YES;
				CLANG_WARN_RANGE_LOOP_ANALYSIS = YES;
				CLANG_WARN_STRICT_PROTOTYPES = YES;
				CLANG_WARN_SUSPICIOUS_MOVE = YES;
				CLANG_WARN_UNGUARDED_AVAILABILITY = YES_AGGRESSIVE;
				CLANG_WARN_UNREACHABLE_CODE = YES;
				CLANG_WARN__DUPLICATE_METHOD_MATCH = YES;
				COPY_PHASE_STRIP = NO;
				DEBUG_INFORMATION_FORMAT = dwarf;
				ENABLE_STRICT_OBJC_MSGSEND = YES;
				ENABLE_TESTABILITY = YES;
				GCC_C_LANGUAGE_STANDARD = gnu11;
				GCC_DYNAMIC_NO_PIC = NO;
				GCC_NO_COMMON_BLOCKS = YES;
				GCC_OPTIMIZATION_LEVEL = 0;
				GCC_PREPROCESSOR_DEFINITIONS = (
					"DEBUG=1",
					"$(inherited)",
				);
				GCC_WARN_64_TO_32_BIT_CONVERSION = YES;
				GCC_WARN_ABOUT_RETURN_TYPE = YES_ERROR;
				GCC_WARN_UNDECLARED_SELECTOR = YES;
				GCC_WARN_UNINITIALIZED_AUTOS = YES_AGGRESSIVE;
				GCC_WARN_UNUSED_FUNCTION = YES;
				GCC_WARN_UNUSED_VARIABLE = YES;
				IPHONEOS_DEPLOYMENT_TARGET = 16.4;
				MTL_ENABLE_DEBUG_INFO = INCLUDE_SOURCE;
				MTL_FAST_MATH = YES;
				ONLY_ACTIVE_ARCH = YES;
				SDKROOT = iphoneos;
				SWIFT_ACTIVE_COMPILATION_CONDITIONS = DEBUG;
				SWIFT_OPTIMIZATION_LEVEL = "-Onone";
			};
			name = Debug;
		};
		9C3CF4A12B1CD9850082B646 /* Release */ = {
			isa = XCBuildConfiguration;
			buildSettings = {
				ALWAYS_SEARCH_USER_PATHS = NO;
				CLANG_ANALYZER_NONNULL = YES;
				CLANG_ANALYZER_NUMBER_OBJECT_CONVERSION = YES_AGGRESSIVE;
				CLANG_CXX_LANGUAGE_STANDARD = "gnu++20";
				CLANG_ENABLE_MODULES = YES;
				CLANG_ENABLE_OBJC_ARC = YES;
				CLANG_ENABLE_OBJC_WEAK = YES;
				CLANG_WARN_BLOCK_CAPTURE_AUTORELEASING = YES;
				CLANG_WARN_BOOL_CONVERSION = YES;
				CLANG_WARN_COMMA = YES;
				CLANG_WARN_CONSTANT_CONVERSION = YES;
				CLANG_WARN_DEPRECATED_OBJC_IMPLEMENTATIONS = YES;
				CLANG_WARN_DIRECT_OBJC_ISA_USAGE = YES_ERROR;
				CLANG_WARN_DOCUMENTATION_COMMENTS = YES;
				CLANG_WARN_EMPTY_BODY = YES;
				CLANG_WARN_ENUM_CONVERSION = YES;
				CLANG_WARN_INFINITE_RECURSION = YES;
				CLANG_WARN_INT_CONVERSION = YES;
				CLANG_WARN_NON_LITERAL_NULL_CONVERSION = YES;
				CLANG_WARN_OBJC_IMPLICIT_RETAIN_SELF = YES;
				CLANG_WARN_OBJC_LITERAL_CONVERSION = YES;
				CLANG_WARN_OBJC_ROOT_CLASS = YES_ERROR;
				CLANG_WARN_QUOTED_INCLUDE_IN_FRAMEWORK_HEADER = YES;
				CLANG_WARN_RANGE_LOOP_ANALYSIS = YES;
				CLANG_WARN_STRICT_PROTOTYPES = YES;
				CLANG_WARN_SUSPICIOUS_MOVE = YES;
				CLANG_WARN_UNGUARDED_AVAILABILITY = YES_AGGRESSIVE;
				CLANG_WARN_UNREACHABLE_CODE = YES;
				CLANG_WARN__DUPLICATE_METHOD_MATCH = YES;
				COPY_PHASE_STRIP = NO;
				DEBUG_INFORMATION_FORMAT = "dwarf-with-dsym";
				ENABLE_NS_ASSERTIONS = NO;
				ENABLE_STRICT_OBJC_MSGSEND = YES;
				GCC_C_LANGUAGE_STANDARD = gnu11;
				GCC_NO_COMMON_BLOCKS = YES;
				GCC_WARN_64_TO_32_BIT_CONVERSION = YES;
				GCC_WARN_ABOUT_RETURN_TYPE = YES_ERROR;
				GCC_WARN_UNDECLARED_SELECTOR = YES;
				GCC_WARN_UNINITIALIZED_AUTOS = YES_AGGRESSIVE;
				GCC_WARN_UNUSED_FUNCTION = YES;
				GCC_WARN_UNUSED_VARIABLE = YES;
				IPHONEOS_DEPLOYMENT_TARGET = 16.4;
				MTL_ENABLE_DEBUG_INFO = NO;
				MTL_FAST_MATH = YES;
				SDKROOT = iphoneos;
				SWIFT_COMPILATION_MODE = wholemodule;
				SWIFT_OPTIMIZATION_LEVEL = "-O";
				VALIDATE_PRODUCT = YES;
			};
			name = Release;
		};
		9C3CF4A32B1CD9850082B646 /* Debug */ = {
			isa = XCBuildConfiguration;
			buildSettings = {
				ASSETCATALOG_COMPILER_APPICON_NAME = AppIcon;
				ASSETCATALOG_COMPILER_GLOBAL_ACCENT_COLOR_NAME = AccentColor;
				CODE_SIGN_STYLE = Automatic;
				CURRENT_PROJECT_VERSION = 1;
				GENERATE_INFOPLIST_FILE = YES;
				INFOPLIST_FILE = JSearch/Info.plist;
				INFOPLIST_KEY_UIApplicationSupportsIndirectInputEvents = YES;
				INFOPLIST_KEY_UILaunchStoryboardName = LaunchScreen;
				INFOPLIST_KEY_UISupportedInterfaceOrientations_iPad = "UIInterfaceOrientationPortrait UIInterfaceOrientationPortraitUpsideDown UIInterfaceOrientationLandscapeLeft UIInterfaceOrientationLandscapeRight";
				INFOPLIST_KEY_UISupportedInterfaceOrientations_iPhone = "UIInterfaceOrientationPortrait UIInterfaceOrientationLandscapeLeft UIInterfaceOrientationLandscapeRight";
				IPHONEOS_DEPLOYMENT_TARGET = 15.0;
				LD_RUNPATH_SEARCH_PATHS = (
					"$(inherited)",
					"@executable_path/Frameworks",
				);
				MARKETING_VERSION = 1.0;
				PRODUCT_BUNDLE_IDENTIFIER = com.jfranco.JSearch;
				PRODUCT_NAME = "$(TARGET_NAME)";
				SUPPORTED_PLATFORMS = "iphoneos iphonesimulator";
				SUPPORTS_MACCATALYST = NO;
				SUPPORTS_MAC_DESIGNED_FOR_IPHONE_IPAD = NO;
				SWIFT_EMIT_LOC_STRINGS = YES;
				SWIFT_VERSION = 5.0;
				TARGETED_DEVICE_FAMILY = "1,2";
			};
			name = Debug;
		};
		9C3CF4A42B1CD9850082B646 /* Release */ = {
			isa = XCBuildConfiguration;
			buildSettings = {
				ASSETCATALOG_COMPILER_APPICON_NAME = AppIcon;
				ASSETCATALOG_COMPILER_GLOBAL_ACCENT_COLOR_NAME = AccentColor;
				CODE_SIGN_STYLE = Automatic;
				CURRENT_PROJECT_VERSION = 1;
				GENERATE_INFOPLIST_FILE = YES;
				INFOPLIST_FILE = JSearch/Info.plist;
				INFOPLIST_KEY_UIApplicationSupportsIndirectInputEvents = YES;
				INFOPLIST_KEY_UILaunchStoryboardName = LaunchScreen;
				INFOPLIST_KEY_UISupportedInterfaceOrientations_iPad = "UIInterfaceOrientationPortrait UIInterfaceOrientationPortraitUpsideDown UIInterfaceOrientationLandscapeLeft UIInterfaceOrientationLandscapeRight";
				INFOPLIST_KEY_UISupportedInterfaceOrientations_iPhone = "UIInterfaceOrientationPortrait UIInterfaceOrientationLandscapeLeft UIInterfaceOrientationLandscapeRight";
				IPHONEOS_DEPLOYMENT_TARGET = 15.0;
				LD_RUNPATH_SEARCH_PATHS = (
					"$(inherited)",
					"@executable_path/Frameworks",
				);
				MARKETING_VERSION = 1.0;
				PRODUCT_BUNDLE_IDENTIFIER = com.jfranco.JSearch;
				PRODUCT_NAME = "$(TARGET_NAME)";
				SUPPORTED_PLATFORMS = "iphoneos iphonesimulator";
				SUPPORTS_MACCATALYST = NO;
				SUPPORTS_MAC_DESIGNED_FOR_IPHONE_IPAD = NO;
				SWIFT_EMIT_LOC_STRINGS = YES;
				SWIFT_VERSION = 5.0;
				TARGETED_DEVICE_FAMILY = "1,2";
			};
			name = Release;
		};
		9C3CF4A62B1CD9850082B646 /* Debug */ = {
			isa = XCBuildConfiguration;
			buildSettings = {
				ALWAYS_EMBED_SWIFT_STANDARD_LIBRARIES = YES;
				BUNDLE_LOADER = "$(TEST_HOST)";
				CODE_SIGN_STYLE = Automatic;
				CURRENT_PROJECT_VERSION = 1;
				GENERATE_INFOPLIST_FILE = YES;
				IPHONEOS_DEPLOYMENT_TARGET = 16.4;
				MARKETING_VERSION = 1.0;
				PRODUCT_BUNDLE_IDENTIFIER = com.jfranco.JSearchTests;
				PRODUCT_NAME = "$(TARGET_NAME)";
				SWIFT_EMIT_LOC_STRINGS = NO;
				SWIFT_VERSION = 5.0;
				TARGETED_DEVICE_FAMILY = "1,2";
				TEST_HOST = "$(BUILT_PRODUCTS_DIR)/JSearch.app/$(BUNDLE_EXECUTABLE_FOLDER_PATH)/JSearch";
			};
			name = Debug;
		};
		9C3CF4A72B1CD9850082B646 /* Release */ = {
			isa = XCBuildConfiguration;
			buildSettings = {
				ALWAYS_EMBED_SWIFT_STANDARD_LIBRARIES = YES;
				BUNDLE_LOADER = "$(TEST_HOST)";
				CODE_SIGN_STYLE = Automatic;
				CURRENT_PROJECT_VERSION = 1;
				GENERATE_INFOPLIST_FILE = YES;
				IPHONEOS_DEPLOYMENT_TARGET = 16.4;
				MARKETING_VERSION = 1.0;
				PRODUCT_BUNDLE_IDENTIFIER = com.jfranco.JSearchTests;
				PRODUCT_NAME = "$(TARGET_NAME)";
				SWIFT_EMIT_LOC_STRINGS = NO;
				SWIFT_VERSION = 5.0;
				TARGETED_DEVICE_FAMILY = "1,2";
				TEST_HOST = "$(BUILT_PRODUCTS_DIR)/JSearch.app/$(BUNDLE_EXECUTABLE_FOLDER_PATH)/JSearch";
			};
			name = Release;
		};
		9C3CF4A92B1CD9850082B646 /* Debug */ = {
			isa = XCBuildConfiguration;
			buildSettings = {
				ALWAYS_EMBED_SWIFT_STANDARD_LIBRARIES = YES;
				CODE_SIGN_STYLE = Automatic;
				CURRENT_PROJECT_VERSION = 1;
				GENERATE_INFOPLIST_FILE = YES;
				MARKETING_VERSION = 1.0;
				PRODUCT_BUNDLE_IDENTIFIER = com.jfranco.JSearchUITests;
				PRODUCT_NAME = "$(TARGET_NAME)";
				SWIFT_EMIT_LOC_STRINGS = NO;
				SWIFT_VERSION = 5.0;
				TARGETED_DEVICE_FAMILY = "1,2";
				TEST_TARGET_NAME = JSearch;
			};
			name = Debug;
		};
		9C3CF4AA2B1CD9850082B646 /* Release */ = {
			isa = XCBuildConfiguration;
			buildSettings = {
				ALWAYS_EMBED_SWIFT_STANDARD_LIBRARIES = YES;
				CODE_SIGN_STYLE = Automatic;
				CURRENT_PROJECT_VERSION = 1;
				GENERATE_INFOPLIST_FILE = YES;
				MARKETING_VERSION = 1.0;
				PRODUCT_BUNDLE_IDENTIFIER = com.jfranco.JSearchUITests;
				PRODUCT_NAME = "$(TARGET_NAME)";
				SWIFT_EMIT_LOC_STRINGS = NO;
				SWIFT_VERSION = 5.0;
				TARGETED_DEVICE_FAMILY = "1,2";
				TEST_TARGET_NAME = JSearch;
			};
			name = Release;
		};
/* End XCBuildConfiguration section */

/* Begin XCConfigurationList section */
		9C3CF4732B1CD9840082B646 /* Build configuration list for PBXProject "JSearch" */ = {
			isa = XCConfigurationList;
			buildConfigurations = (
				9C3CF4A02B1CD9850082B646 /* Debug */,
				9C3CF4A12B1CD9850082B646 /* Release */,
			);
			defaultConfigurationIsVisible = 0;
			defaultConfigurationName = Release;
		};
		9C3CF4A22B1CD9850082B646 /* Build configuration list for PBXNativeTarget "JSearch" */ = {
			isa = XCConfigurationList;
			buildConfigurations = (
				9C3CF4A32B1CD9850082B646 /* Debug */,
				9C3CF4A42B1CD9850082B646 /* Release */,
			);
			defaultConfigurationIsVisible = 0;
			defaultConfigurationName = Release;
		};
		9C3CF4A52B1CD9850082B646 /* Build configuration list for PBXNativeTarget "JSearchTests" */ = {
			isa = XCConfigurationList;
			buildConfigurations = (
				9C3CF4A62B1CD9850082B646 /* Debug */,
				9C3CF4A72B1CD9850082B646 /* Release */,
			);
			defaultConfigurationIsVisible = 0;
			defaultConfigurationName = Release;
		};
		9C3CF4A82B1CD9850082B646 /* Build configuration list for PBXNativeTarget "JSearchUITests" */ = {
			isa = XCConfigurationList;
			buildConfigurations = (
				9C3CF4A92B1CD9850082B646 /* Debug */,
				9C3CF4AA2B1CD9850082B646 /* Release */,
			);
			defaultConfigurationIsVisible = 0;
			defaultConfigurationName = Release;
		};
/* End XCConfigurationList section */

/* Begin XCSwiftPackageProductDependency section */
		9C4F61AE2B1CF3F400B695A7 /* Foundation */ = {
			isa = XCSwiftPackageProductDependency;
			productName = Foundation;
		};
		9CA08A952B1CE79900469766 /* Repository */ = {
			isa = XCSwiftPackageProductDependency;
			productName = Repository;
		};
		9CA08A972B1CE79900469766 /* UI */ = {
			isa = XCSwiftPackageProductDependency;
			productName = UI;
		};
/* End XCSwiftPackageProductDependency section */
	};
	rootObject = 9C3CF4702B1CD9840082B646 /* Project object */;
}
